# This file is generated by running "yarn install" inside your project.
# Manual changes might be lost - proceed with caution!

__metadata:
  version: 5
  cacheKey: 8

"@types/node@npm:^16":
  version: 16.11.21
  resolution: "@types/node@npm:16.11.21"
  checksum: 75b679dc6375cf09bc14a2d1b344be6f3fd8ea50f212b0d60970dc9e175cef45e44c284c716eb9e766ffa52d0c83b689adb3d1911b6dd8649c560b8f77442a22
  languageName: node
  linkType: hard

"hello-cli@workspace:hello-cli":
  version: 0.0.0-use.local
  resolution: "hello-cli@workspace:hello-cli"
  dependencies:
    "@types/node": ^16
    hello-lib: "workspace:*"
    typescript: ^4.5.4
  languageName: unknown
  linkType: soft

"hello-lib-test@workspace:hello-lib-test":
  version: 0.0.0-use.local
  resolution: "hello-lib-test@workspace:hello-lib-test"
  languageName: unknown
  linkType: soft

"hello-lib@workspace:*, hello-lib@workspace:hello-lib":
  version: 0.0.0-use.local
  resolution: "hello-lib@workspace:hello-lib"
  dependencies:
    typescript: ^4.5.4
  languageName: unknown
  linkType: soft

"typescript-workspaces-example@workspace:.":
  version: 0.0.0-use.local
  resolution: "typescript-workspaces-example@workspace:."
  languageName: unknown
  linkType: soft

"typescript@npm:^4.5.4":
  version: 4.5.4
  resolution: "typescript@npm:4.5.4"
  bin:
    tsc: bin/tsc
    tsserver: bin/tsserver
  checksum: 59f3243f9cd6fe3161e6150ff6bf795fc843b4234a655dbd938a310515e0d61afd1ac942799e7415e4334255e41c2c49b7dd5d9fd38a17acd25a6779ca7e0961
  languageName: node
  linkType: hard

"typescript@patch:typescript@^4.5.4#~builtin<compat/typescript>":
  version: 4.5.4
  resolution: "typescript@patch:typescript@npm%3A4.5.4#~builtin<compat/typescript>::version=4.5.4&hash=493e53"
  bin:
    tsc: bin/tsc
    tsserver: bin/tsserver
  checksum: 2e488dde7d2c4a2fa2e79cf2470600f8ce81bc0563c276b72df8ff412d74456ae532ba824650ae936ce207440c79720ddcfaa25e3cb4477572b8534fa4e34d49
  languageName: node
  linkType: hard
